// !$*UTF8*$!
{
	archiveVersion = 1;
	classes = {
	};
	objectVersion = 46;
	objects = {

/* Begin PBXBuildFile section */
		391C62661A451F4F0019865C /* AppDelegate.swift in Sources */ = {isa = PBXBuildFile; fileRef = 391C62651A451F4F0019865C /* AppDelegate.swift */; };
		391C62681A451F4F0019865C /* ViewController.swift in Sources */ = {isa = PBXBuildFile; fileRef = 391C62671A451F4F0019865C /* ViewController.swift */; };
		391C626B1A451F4F0019865C /* Main.storyboard in Resources */ = {isa = PBXBuildFile; fileRef = 391C62691A451F4F0019865C /* Main.storyboard */; };
		391C626D1A451F4F0019865C /* Images.xcassets in Resources */ = {isa = PBXBuildFile; fileRef = 391C626C1A451F4F0019865C /* Images.xcassets */; };
		391C62701A451F4F0019865C /* LaunchScreen.xib in Resources */ = {isa = PBXBuildFile; fileRef = 391C626E1A451F4F0019865C /* LaunchScreen.xib */; };
		391C627C1A451F4F0019865C /* AutoFaceSaverTests.swift in Sources */ = {isa = PBXBuildFile; fileRef = 391C627B1A451F4F0019865C /* AutoFaceSaverTests.swift */; };
/* End PBXBuildFile section */

/* Begin PBXContainerItemProxy section */
		391C62761A451F4F0019865C /* PBXContainerItemProxy */ = {
			isa = PBXContainerItemProxy;
			containerPortal = 391C62581A451F4F0019865C /* Project object */;
			proxyType = 1;
			remoteGlobalIDString = 391C625F1A451F4F0019865C;
			remoteInfo = AutoFaceSaver;
		};
/* End PBXContainerItemProxy section */

/* Begin PBXFileReference section */
		391C62601A451F4F0019865C /* AutoFaceSaver.app */ = {isa = PBXFileReference; explicitFileType = wrapper.application; includeInIndex = 0; path = AutoFaceSaver.app; sourceTree = BUILT_PRODUCTS_DIR; };
		391C62641A451F4F0019865C /* Info.plist */ = {isa = PBXFileReference; lastKnownFileType = text.plist.xml; path = Info.plist; sourceTree = "<group>"; };
		391C62651A451F4F0019865C /* AppDelegate.swift */ = {isa = PBXFileReference; lastKnownFileType = sourcecode.swift; path = AppDelegate.swift; sourceTree = "<group>"; };
		391C62671A451F4F0019865C /* ViewController.swift */ = {isa = PBXFileReference; lastKnownFileType = sourcecode.swift; path = ViewController.swift; sourceTree = "<group>"; };
		391C626A1A451F4F0019865C /* Base */ = {isa = PBXFileReference; lastKnownFileType = file.storyboard; name = Base; path = Base.lproj/Main.storyboard; sourceTree = "<group>"; };
		391C626C1A451F4F0019865C /* Images.xcassets */ = {isa = PBXFileReference; lastKnownFileType = folder.assetcatalog; path = Images.xcassets; sourceTree = "<group>"; };
		391C626F1A451F4F0019865C /* Base */ = {isa = PBXFileReference; lastKnownFileType = file.xib; name = Base; path = Base.lproj/LaunchScreen.xib; sourceTree = "<group>"; };
		391C62751A451F4F0019865C /* AutoFaceSaverTests.xctest */ = {isa = PBXFileReference; explicitFileType = wrapper.cfbundle; includeInIndex = 0; path = AutoFaceSaverTests.xctest; sourceTree = BUILT_PRODUCTS_DIR; };
		391C627A1A451F4F0019865C /* Info.plist */ = {isa = PBXFileReference; lastKnownFileType = text.plist.xml; path = Info.plist; sourceTree = "<group>"; };
		391C627B1A451F4F0019865C /* AutoFaceSaverTests.swift */ = {isa = PBXFileReference; lastKnownFileType = sourcecode.swift; path = AutoFaceSaverTests.swift; sourceTree = "<group>"; };
/* End PBXFileReference section */

/* Begin PBXFrameworksBuildPhase section */
		391C625D1A451F4F0019865C /* Frameworks */ = {
			isa = PBXFrameworksBuildPhase;
			buildActionMask = 2147483647;
			files = (
			);
			runOnlyForDeploymentPostprocessing = 0;
		};
		391C62721A451F4F0019865C /* Frameworks */ = {
			isa = PBXFrameworksBuildPhase;
			buildActionMask = 2147483647;
			files = (
			);
			runOnlyForDeploymentPostprocessing = 0;
		};
/* End PBXFrameworksBuildPhase section */

/* Begin PBXGroup section */
		391C62571A451F4F0019865C = {
			isa = PBXGroup;
			children = (
				391C62621A451F4F0019865C /* AutoFaceSaver */,
				391C62781A451F4F0019865C /* AutoFaceSaverTests */,
				391C62611A451F4F0019865C /* Products */,
			);
			sourceTree = "<group>";
		};
		391C62611A451F4F0019865C /* Products */ = {
			isa = PBXGroup;
			children = (
				391C62601A451F4F0019865C /* AutoFaceSaver.app */,
				391C62751A451F4F0019865C /* AutoFaceSaverTests.xctest */,
			);
			name = Products;
			sourceTree = "<group>";
		};
		391C62621A451F4F0019865C /* AutoFaceSaver */ = {
			isa = PBXGroup;
			children = (
				391C62651A451F4F0019865C /* AppDelegate.swift */,
				391C62671A451F4F0019865C /* ViewController.swift */,
				391C62691A451F4F0019865C /* Main.storyboard */,
				391C626C1A451F4F0019865C /* Images.xcassets */,
				391C626E1A451F4F0019865C /* LaunchScreen.xib */,
				391C62631A451F4F0019865C /* Supporting Files */,
			);
			path = AutoFaceSaver;
			sourceTree = "<group>";
		};
		391C62631A451F4F0019865C /* Supporting Files */ = {
			isa = PBXGroup;
			children = (
				391C62641A451F4F0019865C /* Info.plist */,
			);
			name = "Supporting Files";
			sourceTree = "<group>";
		};
		391C62781A451F4F0019865C /* AutoFaceSaverTests */ = {
			isa = PBXGroup;
			children = (
				391C627B1A451F4F0019865C /* AutoFaceSaverTests.swift */,
				391C62791A451F4F0019865C /* Supporting Files */,
			);
			path = AutoFaceSaverTests;
			sourceTree = "<group>";
		};
		391C62791A451F4F0019865C /* Supporting Files */ = {
			isa = PBXGroup;
			children = (
				391C627A1A451F4F0019865C /* Info.plist */,
			);
			name = "Supporting Files";
			sourceTree = "<group>";
		};
/* End PBXGroup section */

/* Begin PBXNativeTarget section */
		391C625F1A451F4F0019865C /* AutoFaceSaver */ = {
			isa = PBXNativeTarget;
			buildConfigurationList = 391C627F1A451F4F0019865C /* Build configuration list for PBXNativeTarget "AutoFaceSaver" */;
			buildPhases = (
				391C625C1A451F4F0019865C /* Sources */,
				391C625D1A451F4F0019865C /* Frameworks */,
				391C625E1A451F4F0019865C /* Resources */,
			);
			buildRules = (
			);
			dependencies = (
			);
			name = AutoFaceSaver;
			productName = AutoFaceSaver;
			productReference = 391C62601A451F4F0019865C /* AutoFaceSaver.app */;
			productType = "com.apple.product-type.application";
		};
		391C62741A451F4F0019865C /* AutoFaceSaverTests */ = {
			isa = PBXNativeTarget;
			buildConfigurationList = 391C62821A451F4F0019865C /* Build configuration list for PBXNativeTarget "AutoFaceSaverTests" */;
			buildPhases = (
				391C62711A451F4F0019865C /* Sources */,
				391C62721A451F4F0019865C /* Frameworks */,
				391C62731A451F4F0019865C /* Resources */,
			);
			buildRules = (
			);
			dependencies = (
				391C62771A451F4F0019865C /* PBXTargetDependency */,
			);
			name = AutoFaceSaverTests;
			productName = AutoFaceSaverTests;
			productReference = 391C62751A451F4F0019865C /* AutoFaceSaverTests.xctest */;
			productType = "com.apple.product-type.bundle.unit-test";
		};
/* End PBXNativeTarget section */

/* Begin PBXProject section */
		391C62581A451F4F0019865C /* Project object */ = {
			isa = PBXProject;
			attributes = {
				LastUpgradeCheck = 0610;
				ORGANIZATIONNAME = "Aleksandr Salo";
				TargetAttributes = {
					391C625F1A451F4F0019865C = {
						CreatedOnToolsVersion = 6.1.1;
						DevelopmentTeam = 67DHEZ6974;
					};
					391C62741A451F4F0019865C = {
						CreatedOnToolsVersion = 6.1.1;
						TestTargetID = 391C625F1A451F4F0019865C;
					};
				};
			};
			buildConfigurationList = 391C625B1A451F4F0019865C /* Build configuration list for PBXProject "AutoFaceSaver" */;
			compatibilityVersion = "Xcode 3.2";
			developmentRegion = English;
			hasScannedForEncodings = 0;
			knownRegions = (
				en,
				Base,
			);
			mainGroup = 391C62571A451F4F0019865C;
			productRefGroup = 391C62611A451F4F0019865C /* Products */;
			projectDirPath = "";
			projectRoot = "";
			targets = (
				391C625F1A451F4F0019865C /* AutoFaceSaver */,
				391C62741A451F4F0019865C /* AutoFaceSaverTests */,
			);
		};
/* End PBXProject section */

/* Begin PBXResourcesBuildPhase section */
		391C625E1A451F4F0019865C /* Resources */ = {
			isa = PBXResourcesBuildPhase;
			buildActionMask = 2147483647;
			files = (
				391C626B1A451F4F0019865C /* Main.storyboard in Resources */,
				391C62701A451F4F0019865C /* LaunchScreen.xib in Resources */,
				391C626D1A451F4F0019865C /* Images.xcassets in Resources */,
			);
			runOnlyForDeploymentPostprocessing = 0;
		};
		391C62731A451F4F0019865C /* Resources */ = {
			isa = PBXResourcesBuildPhase;
			buildActionMask = 2147483647;
			files = (
			);
			runOnlyForDeploymentPostprocessing = 0;
		};
/* End PBXResourcesBuildPhase section */

/* Begin PBXSourcesBuildPhase section */
		391C625C1A451F4F0019865C /* Sources */ = {
			isa = PBXSourcesBuildPhase;
			buildActionMask = 2147483647;
			files = (
				391C62681A451F4F0019865C /* ViewController.swift in Sources */,
				391C62661A451F4F0019865C /* AppDelegate.swift in Sources */,
			);
			runOnlyForDeploymentPostprocessing = 0;
		};
		391C62711A451F4F0019865C /* Sources */ = {
			isa = PBXSourcesBuildPhase;
			buildActionMask = 2147483647;
			files = (
				391C627C1A451F4F0019865C /* AutoFaceSaverTests.swift in Sources */,
			);
			runOnlyForDeploymentPostprocessing = 0;
		};
/* End PBXSourcesBuildPhase section */

/* Begin PBXTargetDependency section */
		391C62771A451F4F0019865C /* PBXTargetDependency */ = {
			isa = PBXTargetDependency;
			target = 391C625F1A451F4F0019865C /* AutoFaceSaver */;
			targetProxy = 391C62761A451F4F0019865C /* PBXContainerItemProxy */;
		};
/* End PBXTargetDependency section */

/* Begin PBXVariantGroup section */
		391C62691A451F4F0019865C /* Main.storyboard */ = {
			isa = PBXVariantGroup;
			children = (
				391C626A1A451F4F0019865C /* Base */,
			);
			name = Main.storyboard;
			sourceTree = "<group>";
		};
		391C626E1A451F4F0019865C /* LaunchScreen.xib */ = {
			isa = PBXVariantGroup;
			children = (
				391C626F1A451F4F0019865C /* Base */,
			);
			name = LaunchScreen.xib;
			sourceTree = "<group>";
		};
/* End PBXVariantGroup section */

/* Begin XCBuildConfiguration section */
		391C627D1A451F4F0019865C /* Debug */ = {
			isa = XCBuildConfiguration;
			buildSettings = {
				ALWAYS_SEARCH_USER_PATHS = NO;
				CLANG_CXX_LANGUAGE_STANDARD = "gnu++0x";
				CLANG_CXX_LIBRARY = "libc++";
				CLANG_ENABLE_MODULES = YES;
				CLANG_ENABLE_OBJC_ARC = YES;
				CLANG_WARN_BOOL_CONVERSION = YES;
				CLANG_WARN_CONSTANT_CONVERSION = YES;
				CLANG_WARN_DIRECT_OBJC_ISA_USAGE = YES_ERROR;
				CLANG_WARN_EMPTY_BODY = YES;
				CLANG_WARN_ENUM_CONVERSION = YES;
				CLANG_WARN_INT_CONVERSION = YES;
				CLANG_WARN_OBJC_ROOT_CLASS = YES_ERROR;
				CLANG_WARN_UNREACHABLE_CODE = YES;
				CLANG_WARN__DUPLICATE_METHOD_MATCH = YES;
				"CODE_SIGN_IDENTITY[sdk=iphoneos*]" = "iPhone Developer";
				COPY_PHASE_STRIP = NO;
				ENABLE_STRICT_OBJC_MSGSEND = YES;
				GCC_C_LANGUAGE_STANDARD = gnu99;
				GCC_DYNAMIC_NO_PIC = NO;
				GCC_OPTIMIZATION_LEVEL = 0;
				GCC_PREPROCESSOR_DEFINITIONS = (
					"DEBUG=1",
					"$(inherited)",
				);
				GCC_SYMBOLS_PRIVATE_EXTERN = NO;
				GCC_WARN_64_TO_32_BIT_CONVERSION = YES;
				GCC_WARN_ABOUT_RETURN_TYPE = YES_ERROR;
				GCC_WARN_UNDECLARED_SELECTOR = YES;
				GCC_WARN_UNINITIALIZED_AUTOS = YES_AGGRESSIVE;
				GCC_WARN_UNUSED_FUNCTION = YES;
				GCC_WARN_UNUSED_VARIABLE = YES;
				IPHONEOS_DEPLOYMENT_TARGET = 8.1;
				MTL_ENABLE_DEBUG_INFO = YES;
				ONLY_ACTIVE_ARCH = YES;
				SDKROOT = iphoneos;
				SWIFT_OPTIMIZATION_LEVEL = "-Onone";
			};
			name = Debug;
		};
		391C627E1A451F4F0019865C /* Release */ = {
			isa = XCBuildConfiguration;
			buildSettings = {
				ALWAYS_SEARCH_USER_PATHS = NO;
				CLANG_CXX_LANGUAGE_STANDARD = "gnu++0x";
				CLANG_CXX_LIBRARY = "libc++";
				CLANG_ENABLE_MODULES = YES;
				CLANG_ENABLE_OBJC_ARC = YES;
				CLANG_WARN_BOOL_CONVERSION = YES;
				CLANG_WARN_CONSTANT_CONVERSION = YES;
				CLANG_WARN_DIRECT_OBJC_ISA_USAGE = YES_ERROR;
				CLANG_WARN_EMPTY_BODY = YES;
				CLANG_WARN_ENUM_CONVERSION = YES;
				CLANG_WARN_INT_CONVERSION = YES;
				CLANG_WARN_OBJC_ROOT_CLASS = YES_ERROR;
				CLANG_WARN_UNREACHABLE_CODE = YES;
				CLANG_WARN__DUPLICATE_METHOD_MATCH = YES;
				"CODE_SIGN_IDENTITY[sdk=iphoneos*]" = "iPhone Developer";
				COPY_PHASE_STRIP = YES;
				ENABLE_NS_ASSERTIONS = NO;
				ENABLE_STRICT_OBJC_MSGSEND = YES;
				GCC_C_LANGUAGE_STANDARD = gnu99;
				GCC_WARN_64_TO_32_BIT_CONVERSION = YES;
				GCC_WARN_ABOUT_RETURN_TYPE = YES_ERROR;
				GCC_WARN_UNDECLARED_SELECTOR = YES;
				GCC_WARN_UNINITIALIZED_AUTOS = YES_AGGRESSIVE;
				GCC_WARN_UNUSED_FUNCTION = YES;
				GCC_WARN_UNUSED_VARIABLE = YES;
				IPHONEOS_DEPLOYMENT_TARGET = 8.1;
				MTL_ENABLE_DEBUG_INFO = NO;
				SDKROOT = iphoneos;
				VALIDATE_PRODUCT = YES;
			};
			name = Release;
		};
		391C62801A451F4F0019865C /* Debug */ = {
			isa = XCBuildConfiguration;
			buildSettings = {
				ASSETCATALOG_COMPILER_APPICON_NAME = AppIcon;
				CODE_SIGN_IDENTITY = "iPhone Developer";
				INFOPLIST_FILE = AutoFaceSaver/Info.plist;
				LD_RUNPATH_SEARCH_PATHS = "$(inherited) @executable_path/Frameworks";
				PRODUCT_NAME = "$(TARGET_NAME)";
			};
			name = Debug;
		};
		391C62811A451F4F0019865C /* Release */ = {
			isa = XCBuildConfiguration;
			buildSettings = {
				ASSETCATALOG_COMPILER_APPICON_NAME = AppIcon;
				CODE_SIGN_IDENTITY = "iPhone Developer";
				INFOPLIST_FILE = AutoFaceSaver/Info.plist;
				LD_RUNPATH_SEARCH_PATHS = "$(inherited) @executable_path/Frameworks";
				PRODUCT_NAME = "$(TARGET_NAME)";
			};
			name = Release;
		};
		391C62831A451F4F0019865C /* Debug */ = {
			isa = XCBuildConfiguration;
			buildSettings = {
				BUNDLE_LOADER = "$(TEST_HOST)";
				FRAMEWORK_SEARCH_PATHS = (
					"$(SDKROOT)/Developer/Library/Frameworks",
					"$(inherited)",
				);
				GCC_PREPROCESSOR_DEFINITIONS = (
					"DEBUG=1",
					"$(inherited)",
				);
				INFOPLIST_FILE = AutoFaceSaverTests/Info.plist;
				LD_RUNPATH_SEARCH_PATHS = "$(inherited) @executable_path/Frameworks @loader_path/Frameworks";
				PRODUCT_NAME = "$(TARGET_NAME)";
				TEST_HOST = "$(BUILT_PRODUCTS_DIR)/AutoFaceSaver.app/AutoFaceSaver";
			};
			name = Debug;
		};
		391C62841A451F4F0019865C /* Release */ = {
			isa = XCBuildConfiguration;
			buildSettings = {
				BUNDLE_LOADER = "$(TEST_HOST)";
				FRAMEWORK_SEARCH_PATHS = (
					"$(SDKROOT)/Developer/Library/Frameworks",
					"$(inherited)",
				);
				INFOPLIST_FILE = AutoFaceSaverTests/Info.plist;
				LD_RUNPATH_SEARCH_PATHS = "$(inherited) @executable_path/Frameworks @loader_path/Frameworks";
				PRODUCT_NAME = "$(TARGET_NAME)";
				TEST_HOST = "$(BUILT_PRODUCTS_DIR)/AutoFaceSaver.app/AutoFaceSaver";
			};
			name = Release;
		};
/* End XCBuildConfiguration section */

/* Begin XCConfigurationList section */
		391C625B1A451F4F0019865C /* Build configuration list for PBXProject "AutoFaceSaver" */ = {
			isa = XCConfigurationList;
			buildConfigurations = (
				391C627D1A451F4F0019865C /* Debug */,
				391C627E1A451F4F0019865C /* Release */,
			);
			defaultConfigurationIsVisible = 0;
			defaultConfigurationName = Release;
		};
		391C627F1A451F4F0019865C /* Build configuration list for PBXNativeTarget "AutoFaceSaver" */ = {
			isa = XCConfigurationList;
			buildConfigurations = (
				391C62801A451F4F0019865C /* Debug */,
				391C62811A451F4F0019865C /* Release */,
			);
			defaultConfigurationIsVisible = 0;
		};
		391C62821A451F4F0019865C /* Build configuration list for PBXNativeTarget "AutoFaceSaverTests" */ = {
			isa = XCConfigurationList;
			buildConfigurations = (
				391C62831A451F4F0019865C /* Debug */,
				391C62841A451F4F0019865C /* Release */,
			);
			defaultConfigurationIsVisible = 0;
		};
/* End XCConfigurationList section */
	};
	rootObject = 391C62581A451F4F0019865C /* Project object */;
}
